PODS:
  - AFNetworking (2.5.3):
    - AFNetworking/NSURLConnection (= 2.5.3)
    - AFNetworking/NSURLSession (= 2.5.3)
    - AFNetworking/Reachability (= 2.5.3)
    - AFNetworking/Security (= 2.5.3)
    - AFNetworking/Serialization (= 2.5.3)
    - AFNetworking/UIKit (= 2.5.3)
  - AFNetworking/NSURLConnection (2.5.3):
    - AFNetworking/Reachability
    - AFNetworking/Security
    - AFNetworking/Serialization
  - AFNetworking/NSURLSession (2.5.3):
    - AFNetworking/Reachability
    - AFNetworking/Security
    - AFNetworking/Serialization
  - AFNetworking/Reachability (2.5.3)
  - AFNetworking/Security (2.5.3)
  - AFNetworking/Serialization (2.5.3)
  - AFNetworking/UIKit (2.5.3):
    - AFNetworking/NSURLConnection
    - AFNetworking/NSURLSession
  - FBSnapshotTestCase (1.8.1)
  - MyPodLib (0.1.0):
    - AFNetworking (~> 2.5)

DEPENDENCIES:
  - FBSnapshotTestCase
  - MyPodLib (from `../`)

EXTERNAL SOURCES:
  MyPodLib:
    :path: ../

SPEC CHECKSUMS:
  AFNetworking: e1d86c2a96bb5d2e7408da36149806706ee122fe
  FBSnapshotTestCase: 3dc3899168747a0319c5278f5b3445c13a6532dd
  MyPodLib: 2a6776207cfbd36dc6e7153ba24261a5f61c6b0c

COCOAPODS: 0.37.2
