PODS:
  - FBSnapshotTestCase (1.8.1)
  - MyPodLib (0.1.1)

DEPENDENCIES:
  - FBSnapshotTestCase
  - MyPodLib (from `../`)

EXTERNAL SOURCES:
  MyPodLib:
    :path: ../

SPEC CHECKSUMS:
  FBSnapshotTestCase: 3dc3899168747a0319c5278f5b3445c13a6532dd
  MyPodLib: f92bfd712fa93a423bd70f67d31a4e9a225a9683

COCOAPODS: 0.34.4
